
Microsoft Visual Studio Solution File, Format Version 12.00
# Visual Studio Version 17
VisualStudioVersion = 17.0.31903.59
MinimumVisualStudioVersion = 10.0.40219.1
Project("{FAE04EC0-301F-11D3-BF4B-00C04F79EFBC}") = "oop", "oop\oop.csproj", "{B013D9B1-19ED-493E-9BCC-6F5334FE70C2}"
EndProject
Project("{FAE04EC0-301F-11D3-BF4B-00C04F79EFBC}") = "array-recursion", "array-recursion\array-recursion.csproj", "{1260AB24-A2C6-4E89-8515-7FC826A27726}"
EndProject
Project("{FAE04EC0-301F-11D3-BF4B-00C04F79EFBC}") = "bases", "bases\bases.csproj", "{316E12CA-F411-4C43-BB4E-44C686DF3195}"
EndProject
Project("{FAE04EC0-301F-11D3-BF4B-00C04F79EFBC}") = "classes-structs", "classes-structs\classes-structs.csproj", "{C905FEC9-C2C0-4B62-B4B7-46F4DECB871A}"
EndProject
Project("{FAE04EC0-301F-11D3-BF4B-00C04F79EFBC}") = "methods", "methods\methods.csproj", "{CACEA8C6-EE37-4E61-BF14-8540EB363CB5}"
EndProject
Project("{FAE04EC0-301F-11D3-BF4B-00C04F79EFBC}") = "solid-dependency-inversion-principle", "solid-dependency-inversion-principle\solid-dependency-inversion-principle.csproj", "{131A4637-638F-4ED2-8B63-BBEA2CFA86CA}"
EndProject
Global
	GlobalSection(SolutionConfigurationPlatforms) = preSolution
		Debug|Any CPU = Debug|Any CPU
		Release|Any CPU = Release|Any CPU
	EndGlobalSection
	GlobalSection(SolutionProperties) = preSolution
		HideSolutionNode = FALSE
	EndGlobalSection
	GlobalSection(ProjectConfigurationPlatforms) = postSolution
		{B013D9B1-19ED-493E-9BCC-6F5334FE70C2}.Debug|Any CPU.ActiveCfg = Debug|Any CPU
		{B013D9B1-19ED-493E-9BCC-6F5334FE70C2}.Debug|Any CPU.Build.0 = Debug|Any CPU
		{B013D9B1-19ED-493E-9BCC-6F5334FE70C2}.Release|Any CPU.ActiveCfg = Release|Any CPU
		{B013D9B1-19ED-493E-9BCC-6F5334FE70C2}.Release|Any CPU.Build.0 = Release|Any CPU
		{1260AB24-A2C6-4E89-8515-7FC826A27726}.Debug|Any CPU.ActiveCfg = Debug|Any CPU
		{1260AB24-A2C6-4E89-8515-7FC826A27726}.Debug|Any CPU.Build.0 = Debug|Any CPU
		{1260AB24-A2C6-4E89-8515-7FC826A27726}.Release|Any CPU.ActiveCfg = Release|Any CPU
		{1260AB24-A2C6-4E89-8515-7FC826A27726}.Release|Any CPU.Build.0 = Release|Any CPU
		{316E12CA-F411-4C43-BB4E-44C686DF3195}.Debug|Any CPU.ActiveCfg = Debug|Any CPU
		{316E12CA-F411-4C43-BB4E-44C686DF3195}.Debug|Any CPU.Build.0 = Debug|Any CPU
		{316E12CA-F411-4C43-BB4E-44C686DF3195}.Release|Any CPU.ActiveCfg = Release|Any CPU
		{316E12CA-F411-4C43-BB4E-44C686DF3195}.Release|Any CPU.Build.0 = Release|Any CPU
		{C905FEC9-C2C0-4B62-B4B7-46F4DECB871A}.Debug|Any CPU.ActiveCfg = Debug|Any CPU
		{C905FEC9-C2C0-4B62-B4B7-46F4DECB871A}.Debug|Any CPU.Build.0 = Debug|Any CPU
		{C905FEC9-C2C0-4B62-B4B7-46F4DECB871A}.Release|Any CPU.ActiveCfg = Release|Any CPU
		{C905FEC9-C2C0-4B62-B4B7-46F4DECB871A}.Release|Any CPU.Build.0 = Release|Any CPU
		{CACEA8C6-EE37-4E61-BF14-8540EB363CB5}.Debug|Any CPU.ActiveCfg = Debug|Any CPU
		{CACEA8C6-EE37-4E61-BF14-8540EB363CB5}.Debug|Any CPU.Build.0 = Debug|Any CPU
		{CACEA8C6-EE37-4E61-BF14-8540EB363CB5}.Release|Any CPU.ActiveCfg = Release|Any CPU
		{CACEA8C6-EE37-4E61-BF14-8540EB363CB5}.Release|Any CPU.Build.0 = Release|Any CPU
		{131A4637-638F-4ED2-8B63-BBEA2CFA86CA}.Debug|Any CPU.ActiveCfg = Debug|Any CPU
		{131A4637-638F-4ED2-8B63-BBEA2CFA86CA}.Debug|Any CPU.Build.0 = Debug|Any CPU
		{131A4637-638F-4ED2-8B63-BBEA2CFA86CA}.Release|Any CPU.ActiveCfg = Release|Any CPU
		{131A4637-638F-4ED2-8B63-BBEA2CFA86CA}.Release|Any CPU.Build.0 = Release|Any CPU
	EndGlobalSection
EndGlobal
