
Microsoft Visual Studio Solution File, Format Version 12.00
# Visual Studio Version 17
VisualStudioVersion = 17.0.31903.59
MinimumVisualStudioVersion = 10.0.40219.1
Project("{FAE04EC0-301F-11D3-BF4B-00C04F79EFBC}") = "bases", "bases\bases.csproj", "{0CCB463D-F151-45E8-8BDD-296E509AD0F3}"
EndProject
Project("{FAE04EC0-301F-11D3-BF4B-00C04F79EFBC}") = "methods", "methods\methods.csproj", "{22D3FF18-ABF3-4B53-AD10-47F1FB633A98}"
EndProject
Project("{FAE04EC0-301F-11D3-BF4B-00C04F79EFBC}") = "array-recursion", "array-recursion\array-recursion.csproj", "{A132B541-8241-474E-804F-79E3CB9D7709}"
EndProject
Global
	GlobalSection(SolutionConfigurationPlatforms) = preSolution
		Debug|Any CPU = Debug|Any CPU
		Release|Any CPU = Release|Any CPU
	EndGlobalSection
	GlobalSection(SolutionProperties) = preSolution
		HideSolutionNode = FALSE
	EndGlobalSection
	GlobalSection(ProjectConfigurationPlatforms) = postSolution
		{0CCB463D-F151-45E8-8BDD-296E509AD0F3}.Debug|Any CPU.ActiveCfg = Debug|Any CPU
		{0CCB463D-F151-45E8-8BDD-296E509AD0F3}.Debug|Any CPU.Build.0 = Debug|Any CPU
		{0CCB463D-F151-45E8-8BDD-296E509AD0F3}.Release|Any CPU.ActiveCfg = Release|Any CPU
		{0CCB463D-F151-45E8-8BDD-296E509AD0F3}.Release|Any CPU.Build.0 = Release|Any CPU
		{22D3FF18-ABF3-4B53-AD10-47F1FB633A98}.Debug|Any CPU.ActiveCfg = Debug|Any CPU
		{22D3FF18-ABF3-4B53-AD10-47F1FB633A98}.Debug|Any CPU.Build.0 = Debug|Any CPU
		{22D3FF18-ABF3-4B53-AD10-47F1FB633A98}.Release|Any CPU.ActiveCfg = Release|Any CPU
		{22D3FF18-ABF3-4B53-AD10-47F1FB633A98}.Release|Any CPU.Build.0 = Release|Any CPU
		{A132B541-8241-474E-804F-79E3CB9D7709}.Debug|Any CPU.ActiveCfg = Debug|Any CPU
		{A132B541-8241-474E-804F-79E3CB9D7709}.Debug|Any CPU.Build.0 = Debug|Any CPU
		{A132B541-8241-474E-804F-79E3CB9D7709}.Release|Any CPU.ActiveCfg = Release|Any CPU
		{A132B541-8241-474E-804F-79E3CB9D7709}.Release|Any CPU.Build.0 = Release|Any CPU
	EndGlobalSection
EndGlobal
